<?xml version="1.0" encoding="utf-8"?>
<Project ToolsVersion="4.0" xmlns="http://schemas.microsoft.com/developer/msbuild/2003">
  <ItemGroup>
    <Filter Include="Source Files">
      <UniqueIdentifier>{54df440c-2c7a-4bd8-8772-648692fad101}</UniqueIdentifier>
      <Extensions>cpp;c;cxx;rc;def;r;odl;idl;hpj;bat</Extensions>
    </Filter>
    <Filter Include="Source Files\Common Files">
      <UniqueIdentifier>{fb523136-4c46-419d-8123-19c6a867dfc1}</UniqueIdentifier>
    </Filter>
    <Filter Include="Source Files\Public Files">
      <UniqueIdentifier>{c8089a45-75c4-4967-96d3-8faea212aaee}</UniqueIdentifier>
    </Filter>
    <Filter Include="Header Files">
      <UniqueIdentifier>{c3c25e4d-3e95-4d0a-9611-7a37166c37ba}</UniqueIdentifier>
      <Extensions>h;hpp;hxx;hm;inl</Extensions>
    </Filter>
    <Filter Include="Header Files\Common Header Files">
      <UniqueIdentifier>{e57768b7-efb1-4c75-aa14-4efde61a4158}</UniqueIdentifier>
    </Filter>
    <Filter Include="Header Files\Public Header Files">
      <UniqueIdentifier>{da9936c8-e22b-4ab7-a321-e0cd1af0c742}</UniqueIdentifier>
    </Filter>
    <Filter Include="Resource Files">
      <UniqueIdentifier>{ce966d74-fb4a-4ea8-b722-6c12156f5888}</UniqueIdentifier>
      <Extensions>ico;cur;bmp;dlg;rc2;rct;bin;rgs;gif;jpg;jpeg;jpe</Extensions>
    </Filter>
  </ItemGroup>
  <ItemGroup>
    <ClCompile Include="..\..\Public\BSPTreeData.cpp">
      <Filter>Source Files</Filter>
    </ClCompile>
    <ClCompile Include="..\..\public\disp_common.cpp">
      <Filter>Source Files</Filter>
    </ClCompile>
    <ClCompile Include="..\..\public\disp_powerinfo.cpp">
      <Filter>Source Files</Filter>
    </ClCompile>
    <ClCompile Include="disp_vrad.cpp">
      <Filter>Source Files</Filter>
    </ClCompile>
    <ClCompile Include="..\..\public\imageloader.cpp">
      <Filter>Source Files</Filter>
    </ClCompile>
    <ClCompile Include="incremental.cpp">
      <Filter>Source Files</Filter>
    </ClCompile>
    <ClCompile Include="..\..\tier1\interface.cpp">
      <Filter>Source Files</Filter>
    </ClCompile>
    <ClCompile Include="..\..\tier1\KeyValues.cpp">
      <Filter>Source Files</Filter>
    </ClCompile>
    <ClCompile Include="leaf_ambient_lighting.cpp">
      <Filter>Source Files</Filter>
    </ClCompile>
    <ClCompile Include="lightmap.cpp">
      <Filter>Source Files</Filter>
    </ClCompile>
    <ClCompile Include="macro_texture.cpp">
      <Filter>Source Files</Filter>
    </ClCompile>
    <ClCompile Include="..\common\mpi_stats.cpp">
      <Filter>Source Files</Filter>
    </ClCompile>
    <ClCompile Include="mpivrad.cpp">
      <Filter>Source Files</Filter>
    </ClCompile>
    <ClCompile Include="..\common\MySqlDatabase.cpp">
      <Filter>Source Files</Filter>
    </ClCompile>
    <ClCompile Include="..\common\pacifier.cpp">
      <Filter>Source Files</Filter>
    </ClCompile>
    <ClCompile Include="..\common\physdll.cpp">
      <Filter>Source Files</Filter>
    </ClCompile>
    <ClCompile Include="radial.cpp">
      <Filter>Source Files</Filter>
    </ClCompile>
    <ClCompile Include="SampleHash.cpp">
      <Filter>Source Files</Filter>
    </ClCompile>
    <ClCompile Include="..\..\public\tgaloader.cpp">
      <Filter>Source Files</Filter>
    </ClCompile>
    <ClCompile Include="trace.cpp">
      <Filter>Source Files</Filter>
    </ClCompile>
    <ClCompile Include="..\common\utilmatlib.cpp">
      <Filter>Source Files</Filter>
    </ClCompile>
    <ClCompile Include="vismat.cpp">
      <Filter>Source Files</Filter>
    </ClCompile>
    <ClCompile Include="..\..\Public\vmatrix.cpp">
      <Filter>Source Files</Filter>
    </ClCompile>
    <ClCompile Include="..\common\vmpi_tools_shared.cpp">
      <Filter>Source Files</Filter>
    </ClCompile>
    <ClCompile Include="vrad.cpp">
      <Filter>Source Files</Filter>
    </ClCompile>
    <ClCompile Include="VRAD_DispColl.cpp">
      <Filter>Source Files</Filter>
    </ClCompile>
    <ClCompile Include="VradDetailProps.cpp">
      <Filter>Source Files</Filter>
    </ClCompile>
    <ClCompile Include="VRadDisps.cpp">
      <Filter>Source Files</Filter>
    </ClCompile>
    <ClCompile Include="vraddll.cpp">
      <Filter>Source Files</Filter>
    </ClCompile>
    <ClCompile Include="VRadStaticProps.cpp">
      <Filter>Source Files</Filter>
    </ClCompile>
    <ClCompile Include="..\common\bsplib.cpp">
      <Filter>Source Files\Common Files</Filter>
    </ClCompile>
    <ClCompile Include="..\..\public\builddisp.cpp">
      <Filter>Source Files\Common Files</Filter>
    </ClCompile>
    <ClCompile Include="..\..\Public\bumpvects.cpp">
      <Filter>Source Files\Common Files</Filter>
    </ClCompile>
    <ClCompile Include="..\..\Public\ChunkFile.cpp">
      <Filter>Source Files\Common Files</Filter>
    </ClCompile>
    <ClCompile Include="..\common\cmdlib.cpp">
      <Filter>Source Files\Common Files</Filter>
    </ClCompile>
    <ClCompile Include="..\..\public\DispColl_Common.cpp">
      <Filter>Source Files\Common Files</Filter>
    </ClCompile>
    <ClCompile Include="..\common\map_shared.cpp">
      <Filter>Source Files\Common Files</Filter>
    </ClCompile>
    <ClCompile Include="..\common\polylib.cpp">
      <Filter>Source Files\Common Files</Filter>
    </ClCompile>
    <ClCompile Include="..\common\scriplib.cpp">
      <Filter>Source Files\Common Files</Filter>
    </ClCompile>
    <ClCompile Include="..\common\threads.cpp">
      <Filter>Source Files\Common Files</Filter>
    </ClCompile>
    <ClCompile Include="..\..\tier1\tokenreader.cpp">
      <Filter>Source Files\Common Files</Filter>
    </ClCompile>
    <ClCompile Include="..\..\public\anorms.cpp">
      <Filter>Source Files\Public Files</Filter>
    </ClCompile>
    <ClCompile Include="..\..\tier1\bitbuf.cpp">
      <Filter>Source Files\Public Files</Filter>
    </ClCompile>
    <ClCompile Include="..\..\tier1\characterset.cpp">
      <Filter>Source Files\Public Files</Filter>
    </ClCompile>
    <ClCompile Include="..\..\tier1\checksum_crc.cpp">
      <Filter>Source Files\Public Files</Filter>
    </ClCompile>
    <ClCompile Include="..\..\tier1\checksum_md5.cpp">
      <Filter>Source Files\Public Files</Filter>
    </ClCompile>
    <ClCompile Include="..\..\Public\CollisionUtils.cpp">
      <Filter>Source Files\Public Files</Filter>
    </ClCompile>
    <ClCompile Include="..\..\public\filesystem_helpers.cpp">
      <Filter>Source Files\Public Files</Filter>
    </ClCompile>
    <ClCompile Include="..\..\public\map_utils.cpp">
      <Filter>Source Files\Public Files</Filter>
    </ClCompile>
    <ClCompile Include="..\..\Public\Mathlib.cpp">
      <Filter>Source Files\Public Files</Filter>
    </ClCompile>
    <ClCompile Include="..\..\Public\ScratchPad3D.cpp">
      <Filter>Source Files\Public Files</Filter>
    </ClCompile>
    <ClCompile Include="..\..\public\ScratchPadUtils.cpp">
      <Filter>Source Files\Public Files</Filter>
    </ClCompile>
    <ClCompile Include="..\..\tier1\utlbuffer.cpp">
      <Filter>Source Files\Public Files</Filter>
    </ClCompile>
    <ClCompile Include="..\..\tier1\utlsymbol.cpp">
      <Filter>Source Files\Public Files</Filter>
    </ClCompile>
  </ItemGroup>
  <ItemGroup>
    <ClInclude Include="..\common\vmpi_tools_shared.h">
      <Filter>Source Files</Filter>
    </ClInclude>
    <ClInclude Include="..\common\csttext.h">
      <Filter>Header Files</Filter>
    </ClInclude>
    <ClInclude Include="disp_vrad.h">
      <Filter>Header Files</Filter>
    </ClInclude>
    <ClInclude Include="iincremental.h">
      <Filter>Header Files</Filter>
    </ClInclude>
    <ClInclude Include="incremental.h">
      <Filter>Header Files</Filter>
    </ClInclude>
    <ClInclude Include="leaf_ambient_lighting.h">
      <Filter>Header Files</Filter>
    </ClInclude>
    <ClInclude Include="lightmap.h">
      <Filter>Header Files</Filter>
    </ClInclude>
    <ClInclude Include="macro_texture.h">
      <Filter>Header Files</Filter>
    </ClInclude>
    <ClInclude Include="..\..\public\map_utils.h">
      <Filter>Header Files</Filter>
    </ClInclude>
    <ClInclude Include="mpivrad.h">
      <Filter>Header Files</Filter>
    </ClInclude>
    <ClInclude Include="radial.h">
      <Filter>Header Files</Filter>
    </ClInclude>
    <ClInclude Include="vismat.h">
      <Filter>Header Files</Filter>
    </ClInclude>
    <ClInclude Include="vrad.h">
      <Filter>Header Files</Filter>
    </ClInclude>
    <ClInclude Include="VRAD_DispColl.h">
      <Filter>Header Files</Filter>
    </ClInclude>
    <ClInclude Include="vraddetailprops.h">
      <Filter>Header Files</Filter>
    </ClInclude>
    <ClInclude Include="vraddll.h">
      <Filter>Header Files</Filter>
    </ClInclude>
    <ClInclude Include="..\common\bsplib.h">
      <Filter>Header Files\Common Header Files</Filter>
    </ClInclude>
    <ClInclude Include="..\common\cmdlib.h">
      <Filter>Header Files\Common Header Files</Filter>
    </ClInclude>
    <ClInclude Include="..\common\consolewnd.h">
      <Filter>Header Files\Common Header Files</Filter>
    </ClInclude>
    <ClInclude Include="..\vmpi\ichannel.h">
      <Filter>Header Files\Common Header Files</Filter>
    </ClInclude>
    <ClInclude Include="..\vmpi\imysqlwrapper.h">
      <Filter>Header Files\Common Header Files</Filter>
    </ClInclude>
    <ClInclude Include="..\vmpi\iphelpers.h">
      <Filter>Header Files\Common Header Files</Filter>
    </ClInclude>
    <ClInclude Include="..\common\ISQLDBReplyTarget.h">
      <Filter>Header Files\Common Header Files</Filter>
    </ClInclude>
    <ClInclude Include="..\common\map_shared.h">
      <Filter>Header Files\Common Header Files</Filter>
    </ClInclude>
    <ClInclude Include="..\vmpi\messbuf.h">
      <Filter>Header Files\Common Header Files</Filter>
    </ClInclude>
    <ClInclude Include="..\common\mpi_stats.h">
      <Filter>Header Files\Common Header Files</Filter>
    </ClInclude>
    <ClInclude Include="..\vmpi\mysql_wrapper.h">
      <Filter>Header Files\Common Header Files</Filter>
    </ClInclude>
    <ClInclude Include="..\common\MySqlDatabase.h">
      <Filter>Header Files\Common Header Files</Filter>
    </ClInclude>
    <ClInclude Include="..\common\pacifier.h">
      <Filter>Header Files\Common Header Files</Filter>
    </ClInclude>
    <ClInclude Include="..\common\polylib.h">
      <Filter>Header Files\Common Header Files</Filter>
    </ClInclude>
    <ClInclude Include="..\common\scriplib.h">
      <Filter>Header Files\Common Header Files</Filter>
    </ClInclude>
    <ClInclude Include="..\vmpi\threadhelpers.h">
      <Filter>Header Files\Common Header Files</Filter>
    </ClInclude>
    <ClInclude Include="..\common\threads.h">
      <Filter>Header Files\Common Header Files</Filter>
    </ClInclude>
    <ClInclude Include="..\common\utilmatlib.h">
      <Filter>Header Files\Common Header Files</Filter>
    </ClInclude>
    <ClInclude Include="..\vmpi\vmpi_defs.h">
      <Filter>Header Files\Common Header Files</Filter>
    </ClInclude>
    <ClInclude Include="..\vmpi\vmpi_dispatch.h">
      <Filter>Header Files\Common Header Files</Filter>
    </ClInclude>
    <ClInclude Include="..\vmpi\vmpi_distribute_work.h">
      <Filter>Header Files\Common Header Files</Filter>
    </ClInclude>
    <ClInclude Include="..\vmpi\vmpi_filesystem.h">
      <Filter>Header Files\Common Header Files</Filter>
    </ClInclude>
    <ClInclude Include="..\..\Public\amd3dx.h">
      <Filter>Header Files\Public Header Files</Filter>
    </ClInclude>
    <ClInclude Include="..\..\Public\ANORMS.H">
      <Filter>Header Files\Public Header Files</Filter>
    </ClInclude>
    <ClInclude Include="..\..\public\basehandle.h">
      <Filter>Header Files\Public Header Files</Filter>
    </ClInclude>
    <ClInclude Include="..\..\Public\basetypes.h">
      <Filter>Header Files\Public Header Files</Filter>
    </ClInclude>
    <ClInclude Include="..\..\public\tier1\bitbuf.h">
      <Filter>Header Files\Public Header Files</Filter>
    </ClInclude>
    <ClInclude Include="..\..\Public\bitvec.h">
      <Filter>Header Files\Public Header Files</Filter>
    </ClInclude>
    <ClInclude Include="..\..\Public\BSPFILE.H">
      <Filter>Header Files\Public Header Files</Filter>
    </ClInclude>
    <ClInclude Include="..\..\Public\bspflags.h">
      <Filter>Header Files\Public Header Files</Filter>
    </ClInclude>
    <ClInclude Include="..\..\Public\BSPTreeData.h">
      <Filter>Header Files\Public Header Files</Filter>
    </ClInclude>
    <ClInclude Include="..\..\public\builddisp.h">
      <Filter>Header Files\Public Header Files</Filter>
    </ClInclude>
    <ClInclude Include="..\..\Public\bumpvects.h">
      <Filter>Header Files\Public Header Files</Filter>
    </ClInclude>
    <ClInclude Include="..\..\public\tier1\characterset.h">
      <Filter>Header Files\Public Header Files</Filter>
    </ClInclude>
    <ClInclude Include="..\..\public\tier1\checksum_crc.h">
      <Filter>Header Files\Public Header Files</Filter>
    </ClInclude>
    <ClInclude Include="..\..\public\tier1\checksum_md5.h">
      <Filter>Header Files\Public Header Files</Filter>
    </ClInclude>
    <ClInclude Include="..\..\Public\ChunkFile.h">
      <Filter>Header Files\Public Header Files</Filter>
    </ClInclude>
    <ClInclude Include="..\..\Public\cmodel.h">
      <Filter>Header Files\Public Header Files</Filter>
    </ClInclude>
    <ClInclude Include="..\..\Public\CollisionUtils.h">
      <Filter>Header Files\Public Header Files</Filter>
    </ClInclude>
    <ClInclude Include="..\..\Public\commonmacros.h">
      <Filter>Header Files\Public Header Files</Filter>
    </ClInclude>
    <ClInclude Include="..\..\public\compressed_vector.h">
      <Filter>Header Files\Public Header Files</Filter>
    </ClInclude>
    <ClInclude Include="..\..\Public\const.h">
      <Filter>Header Files\Public Header Files</Filter>
    </ClInclude>
    <ClInclude Include="..\..\Public\coordsize.h">
      <Filter>Header Files\Public Header Files</Filter>
    </ClInclude>
    <ClInclude Include="..\..\public\tier0\dbg.h">
      <Filter>Header Files\Public Header Files</Filter>
    </ClInclude>
    <ClInclude Include="..\..\public\disp_common.h">
      <Filter>Header Files\Public Header Files</Filter>
    </ClInclude>
    <ClInclude Include="..\..\public\disp_powerinfo.h">
      <Filter>Header Files\Public Header Files</Filter>
    </ClInclude>
    <ClInclude Include="..\..\public\disp_vertindex.h">
      <Filter>Header Files\Public Header Files</Filter>
    </ClInclude>
    <ClInclude Include="..\..\public\DispColl_Common.h">
      <Filter>Header Files\Public Header Files</Filter>
    </ClInclude>
    <ClInclude Include="..\..\public\tier0\fasttimer.h">
      <Filter>Header Files\Public Header Files</Filter>
    </ClInclude>
    <ClInclude Include="..\..\Public\FileSystem.h">
      <Filter>Header Files\Public Header Files</Filter>
    </ClInclude>
    <ClInclude Include="..\..\public\filesystem_helpers.h">
      <Filter>Header Files\Public Header Files</Filter>
    </ClInclude>
    <ClInclude Include="..\..\Public\GameBSPFile.h">
      <Filter>Header Files\Public Header Files</Filter>
    </ClInclude>
    <ClInclude Include="..\..\public\gametrace.h">
      <Filter>Header Files\Public Header Files</Filter>
    </ClInclude>
    <ClInclude Include="..\..\public\appframework\IAppSystem.h">
      <Filter>Header Files\Public Header Files</Filter>
    </ClInclude>
    <ClInclude Include="..\..\public\vstdlib\ICommandLine.h">
      <Filter>Header Files\Public Header Files</Filter>
    </ClInclude>
    <ClInclude Include="..\..\public\ihandleentity.h">
      <Filter>Header Files\Public Header Files</Filter>
    </ClInclude>
    <ClInclude Include="..\..\public\imageloader.h">
      <Filter>Header Files\Public Header Files</Filter>
    </ClInclude>
    <ClInclude Include="..\..\public\materialsystem\imaterial.h">
      <Filter>Header Files\Public Header Files</Filter>
    </ClInclude>
    <ClInclude Include="..\..\public\materialsystem\imaterialsystem.h">
      <Filter>Header Files\Public Header Files</Filter>
    </ClInclude>
    <ClInclude Include="..\..\public\materialsystem\imaterialvar.h">
      <Filter>Header Files\Public Header Files</Filter>
    </ClInclude>
    <ClInclude Include="..\..\public\tier1\interface.h">
      <Filter>Header Files\Public Header Files</Filter>
    </ClInclude>
    <ClInclude Include="..\..\public\iscratchpad3d.h">
      <Filter>Header Files\Public Header Files</Filter>
    </ClInclude>
    <ClInclude Include="..\..\public\ivraddll.h">
      <Filter>Header Files\Public Header Files</Filter>
    </ClInclude>
    <ClInclude Include="..\..\public\materialsystem\materialsystem_config.h">
      <Filter>Header Files\Public Header Files</Filter>
    </ClInclude>
    <ClInclude Include="..\..\Public\MATHLIB.H">
      <Filter>Header Files\Public Header Files</Filter>
    </ClInclude>
    <ClInclude Include="..\..\public\tier0\memdbgon.h">
      <Filter>Header Files\Public Header Files</Filter>
    </ClInclude>
    <ClInclude Include="..\..\public\optimize.h">
      <Filter>Header Files\Public Header Files</Filter>
    </ClInclude>
    <ClInclude Include="..\..\Public\phyfile.h">
      <Filter>Header Files\Public Header Files</Filter>
    </ClInclude>
    <ClInclude Include="..\common\physdll.h">
      <Filter>Header Files\Public Header Files</Filter>
    </ClInclude>
    <ClInclude Include="..\..\public\tier0\platform.h">
      <Filter>Header Files\Public Header Files</Filter>
    </ClInclude>
    <ClInclude Include="..\..\public\protected_things.h">
      <Filter>Header Files\Public Header Files</Filter>
    </ClInclude>
    <ClInclude Include="..\..\public\vstdlib\random.h">
      <Filter>Header Files\Public Header Files</Filter>
    </ClInclude>
    <ClInclude Include="..\..\Public\s3_intrf.h">
      <Filter>Header Files\Public Header Files</Filter>
    </ClInclude>
    <ClInclude Include="..\..\Public\ScratchPad3D.h">
      <Filter>Header Files\Public Header Files</Filter>
    </ClInclude>
    <ClInclude Include="..\..\public\ScratchPadUtils.h">
      <Filter>Header Files\Public Header Files</Filter>
    </ClInclude>
    <ClInclude Include="..\..\Public\string_t.h">
      <Filter>Header Files\Public Header Files</Filter>
    </ClInclude>
    <ClInclude Include="..\..\public\vstdlib\strtools.h">
      <Filter>Header Files\Public Header Files</Filter>
    </ClInclude>
    <ClInclude Include="..\..\Public\studio.h">
      <Filter>Header Files\Public Header Files</Filter>
    </ClInclude>
    <ClInclude Include="..\..\public\terrainmod.h">
      <Filter>Header Files\Public Header Files</Filter>
    </ClInclude>
    <ClInclude Include="..\..\public\tgaloader.h">
      <Filter>Header Files\Public Header Files</Filter>
    </ClInclude>
    <ClInclude Include="..\..\public\tier1\tokenreader.h">
      <Filter>Header Files\Public Header Files</Filter>
    </ClInclude>
    <ClInclude Include="..\..\Public\trace.h">
      <Filter>Header Files\Public Header Files</Filter>
    </ClInclude>
    <ClInclude Include="..\..\public\tier1\utlbuffer.h">
      <Filter>Header Files\Public Header Files</Filter>
    </ClInclude>
    <ClInclude Include="..\..\public\tier1\utldict.h">
      <Filter>Header Files\Public Header Files</Filter>
    </ClInclude>
    <ClInclude Include="..\..\public\tier1\utlhash.h">
      <Filter>Header Files\Public Header Files</Filter>
    </ClInclude>
    <ClInclude Include="..\..\public\tier1\utllinkedlist.h">
      <Filter>Header Files\Public Header Files</Filter>
    </ClInclude>
    <ClInclude Include="..\..\public\tier1\utlmemory.h">
      <Filter>Header Files\Public Header Files</Filter>
    </ClInclude>
    <ClInclude Include="..\..\public\tier1\utlrbtree.h">
      <Filter>Header Files\Public Header Files</Filter>
    </ClInclude>
    <ClInclude Include="..\..\public\tier1\utlsymbol.h">
      <Filter>Header Files\Public Header Files</Filter>
    </ClInclude>
    <ClInclude Include="..\..\public\tier1\utlvector.h">
      <Filter>Header Files\Public Header Files</Filter>
    </ClInclude>
    <ClInclude Include="..\..\Public\vcollide.h">
      <Filter>Header Files\Public Header Files</Filter>
    </ClInclude>
    <ClInclude Include="..\..\Public\vector.h">
      <Filter>Header Files\Public Header Files</Filter>
    </ClInclude>
    <ClInclude Include="..\..\Public\vector2d.h">
      <Filter>Header Files\Public Header Files</Filter>
    </ClInclude>
    <ClInclude Include="..\..\Public\vector4d.h">
      <Filter>Header Files\Public Header Files</Filter>
    </ClInclude>
    <ClInclude Include="..\..\Public\vmatrix.h">
      <Filter>Header Files\Public Header Files</Filter>
    </ClInclude>
    <ClInclude Include="..\vmpi\vmpi.h">
      <Filter>Header Files\Public Header Files</Filter>
    </ClInclude>
    <ClInclude Include="..\..\Public\vphysics_interface.h">
      <Filter>Header Files\Public Header Files</Filter>
    </ClInclude>
    <ClInclude Include="..\..\Public\vplane.h">
      <Filter>Header Files\Public Header Files</Filter>
    </ClInclude>
    <ClInclude Include="..\..\public\tier0\vprof.h">
      <Filter>Header Files\Public Header Files</Filter>
    </ClInclude>
    <ClInclude Include="..\..\public\vstdlib\vstdlib.h">
      <Filter>Header Files\Public Header Files</Filter>
    </ClInclude>
    <ClInclude Include="..\..\public\vtf\vtf.h">
      <Filter>Header Files\Public Header Files</Filter>
    </ClInclude>
    <ClInclude Include="..\..\Public\wadtypes.h">
      <Filter>Header Files\Public Header Files</Filter>
    </ClInclude>
    <ClInclude Include="..\..\Public\worldsize.h">
      <Filter>Header Files\Public Header Files</Filter>
    </ClInclude>
  </ItemGroup>
  <ItemGroup>
    <CustomBuild Include="..\..\lib\public\nvtc.lib" />
    <CustomBuild Include="..\..\lib\public\tier0.lib" />
    <CustomBuild Include="..\..\lib\public\vmpi.lib" />
    <CustomBuild Include="..\..\lib\public\vstdlib.lib" />
    <CustomBuild Include="..\..\lib\public\vtf.lib" />
  </ItemGroup>
</Project>